
Microsoft Visual Studio Solution File, Format Version 12.00
# Visual Studio Version 17
VisualStudioVersion = 17.8.34316.72
MinimumVisualStudioVersion = 10.0.40219.1
Project("{9A19103F-16F7-4668-BE54-9A1E7A4F7556}") = "Refactoring-01-FirstExample-Console", "Refactoring-01-FirstExample\Refactoring-01-FirstExample-Console.csproj", "{A26906B3-18FC-47C1-B094-829C71367A80}"
EndProject
Project("{9A19103F-16F7-4668-BE54-9A1E7A4F7556}") = "Refactoring-02-Testing-WPF", "Refactoring-02-Testing\Refactoring-02-Testing-WPF.csproj", "{746F35AA-88BA-4856-90CA-2E4C32854CF0}"
EndProject
Project("{9A19103F-16F7-4668-BE54-9A1E7A4F7556}") = "Refactoring-03-Exercises-MysteriousName", "Refactoring-03-Exercises\Refactoring-03-Exercises-MysteriousName.csproj", "{720ACB31-6293-41FA-A48D-7FDAEC2BCC76}"
EndProject
Project("{2150E333-8FDC-42A3-9474-1A3956D46DE8}") = "Refactoring-01", "Refactoring-01", "{5CAAF384-23A6-4E2B-B154-4E6660B02310}"
EndProject
Project("{9A19103F-16F7-4668-BE54-9A1E7A4F7556}") = "Refactoring-01-FirstExample-Tests", "Refactoring-01-FirstExample-Test\Refactoring-01-FirstExample-Tests.csproj", "{32112998-8335-4826-A69C-23E088967402}"
EndProject
Project("{2150E333-8FDC-42A3-9474-1A3956D46DE8}") = "Refactoring-02", "Refactoring-02", "{CE1C5670-908D-4CE9-B974-971D2E10D976}"
EndProject
Project("{9A19103F-16F7-4668-BE54-9A1E7A4F7556}") = "Refactoring-02-Testing-Library", "Refactoring-02-Testing-Library\Refactoring-02-Testing-Library.csproj", "{A3E71AAC-EF0A-40FC-ADB8-5AB31D7F2014}"
EndProject
Project("{9A19103F-16F7-4668-BE54-9A1E7A4F7556}") = "Refactoring-02-Testing-Tests", "Refactoring-02-Testing-Tests\Refactoring-02-Testing-Tests.csproj", "{DD63BE03-3C00-4E27-9CD0-49B76C520457}"
EndProject
Project("{2150E333-8FDC-42A3-9474-1A3956D46DE8}") = "Refactoring-03", "Refactoring-03", "{288F3F53-E432-49B3-8FFC-EF175A6593F0}"
EndProject
Project("{9A19103F-16F7-4668-BE54-9A1E7A4F7556}") = "Refactoring-03-Exercises-LongFunction", "Refactoring-03-Exercises-LongFunction\Refactoring-03-Exercises-LongFunction.csproj", "{39A6D952-2B0D-4A92-8197-F2657E6C0EC0}"
EndProject
Project("{2150E333-8FDC-42A3-9474-1A3956D46DE8}") = "Refactoring-04", "Refactoring-04", "{ED98311C-C8D3-40A9-BCA0-0C6A5E735704}"
EndProject
Project("{9A19103F-16F7-4668-BE54-9A1E7A4F7556}") = "Refactoring-04-Katalog", "Refactoring-04-Katalog\Refactoring-04-Katalog.csproj", "{BE8DB4D6-34C4-4038-BB61-A0AEA09AB79B}"
EndProject
Project("{2150E333-8FDC-42A3-9474-1A3956D46DE8}") = "Refactoring-05", "Refactoring-05", "{92573F48-D97C-4510-9594-DCA6B33E39CE}"
EndProject
Project("{FAE04EC0-301F-11D3-BF4B-00C04F79EFBC}") = "TikTakToe", "TikTakToe\TikTakToe.csproj", "{94F28B40-3D7E-4EA0-B976-BC5080BF8B49}"
EndProject
Project("{FAE04EC0-301F-11D3-BF4B-00C04F79EFBC}") = "MasterMind", "MasterMind\MasterMind.csproj", "{961E2584-BEB9-4D2D-AF76-1375D32BA521}"
EndProject
Project("{FAE04EC0-301F-11D3-BF4B-00C04F79EFBC}") = "Yatzy", "Yatzy\Yatzy.csproj", "{76657F5D-1219-405C-9E10-F8AB8AA08D26}"
EndProject
Project("{FAE04EC0-301F-11D3-BF4B-00C04F79EFBC}") = "DiscountManager", "DiscountManager\DiscountManager.csproj", "{C1502DFE-5102-4FB7-8E10-FE823D29FD7B}"
EndProject
Project("{FAE04EC0-301F-11D3-BF4B-00C04F79EFBC}") = "Parrot", "Parrot\Parrot.csproj", "{4E5EBCFA-EE56-4432-A020-86C5DDCD9764}"
EndProject
Global
	GlobalSection(SolutionConfigurationPlatforms) = preSolution
		Debug|Any CPU = Debug|Any CPU
		Release|Any CPU = Release|Any CPU
	EndGlobalSection
	GlobalSection(ProjectConfigurationPlatforms) = postSolution
		{A26906B3-18FC-47C1-B094-829C71367A80}.Debug|Any CPU.ActiveCfg = Debug|Any CPU
		{A26906B3-18FC-47C1-B094-829C71367A80}.Debug|Any CPU.Build.0 = Debug|Any CPU
		{A26906B3-18FC-47C1-B094-829C71367A80}.Release|Any CPU.ActiveCfg = Release|Any CPU
		{A26906B3-18FC-47C1-B094-829C71367A80}.Release|Any CPU.Build.0 = Release|Any CPU
		{746F35AA-88BA-4856-90CA-2E4C32854CF0}.Debug|Any CPU.ActiveCfg = Debug|Any CPU
		{746F35AA-88BA-4856-90CA-2E4C32854CF0}.Debug|Any CPU.Build.0 = Debug|Any CPU
		{746F35AA-88BA-4856-90CA-2E4C32854CF0}.Release|Any CPU.ActiveCfg = Release|Any CPU
		{746F35AA-88BA-4856-90CA-2E4C32854CF0}.Release|Any CPU.Build.0 = Release|Any CPU
		{720ACB31-6293-41FA-A48D-7FDAEC2BCC76}.Debug|Any CPU.ActiveCfg = Debug|Any CPU
		{720ACB31-6293-41FA-A48D-7FDAEC2BCC76}.Debug|Any CPU.Build.0 = Debug|Any CPU
		{720ACB31-6293-41FA-A48D-7FDAEC2BCC76}.Release|Any CPU.ActiveCfg = Release|Any CPU
		{720ACB31-6293-41FA-A48D-7FDAEC2BCC76}.Release|Any CPU.Build.0 = Release|Any CPU
		{32112998-8335-4826-A69C-23E088967402}.Debug|Any CPU.ActiveCfg = Debug|Any CPU
		{32112998-8335-4826-A69C-23E088967402}.Debug|Any CPU.Build.0 = Debug|Any CPU
		{32112998-8335-4826-A69C-23E088967402}.Release|Any CPU.ActiveCfg = Release|Any CPU
		{32112998-8335-4826-A69C-23E088967402}.Release|Any CPU.Build.0 = Release|Any CPU
		{A3E71AAC-EF0A-40FC-ADB8-5AB31D7F2014}.Debug|Any CPU.ActiveCfg = Debug|Any CPU
		{A3E71AAC-EF0A-40FC-ADB8-5AB31D7F2014}.Debug|Any CPU.Build.0 = Debug|Any CPU
		{A3E71AAC-EF0A-40FC-ADB8-5AB31D7F2014}.Release|Any CPU.ActiveCfg = Release|Any CPU
		{A3E71AAC-EF0A-40FC-ADB8-5AB31D7F2014}.Release|Any CPU.Build.0 = Release|Any CPU
		{DD63BE03-3C00-4E27-9CD0-49B76C520457}.Debug|Any CPU.ActiveCfg = Debug|Any CPU
		{DD63BE03-3C00-4E27-9CD0-49B76C520457}.Debug|Any CPU.Build.0 = Debug|Any CPU
		{DD63BE03-3C00-4E27-9CD0-49B76C520457}.Release|Any CPU.ActiveCfg = Release|Any CPU
		{DD63BE03-3C00-4E27-9CD0-49B76C520457}.Release|Any CPU.Build.0 = Release|Any CPU
		{39A6D952-2B0D-4A92-8197-F2657E6C0EC0}.Debug|Any CPU.ActiveCfg = Debug|Any CPU
		{39A6D952-2B0D-4A92-8197-F2657E6C0EC0}.Debug|Any CPU.Build.0 = Debug|Any CPU
		{39A6D952-2B0D-4A92-8197-F2657E6C0EC0}.Release|Any CPU.ActiveCfg = Release|Any CPU
		{39A6D952-2B0D-4A92-8197-F2657E6C0EC0}.Release|Any CPU.Build.0 = Release|Any CPU
		{BE8DB4D6-34C4-4038-BB61-A0AEA09AB79B}.Debug|Any CPU.ActiveCfg = Debug|Any CPU
		{BE8DB4D6-34C4-4038-BB61-A0AEA09AB79B}.Debug|Any CPU.Build.0 = Debug|Any CPU
		{BE8DB4D6-34C4-4038-BB61-A0AEA09AB79B}.Release|Any CPU.ActiveCfg = Release|Any CPU
		{BE8DB4D6-34C4-4038-BB61-A0AEA09AB79B}.Release|Any CPU.Build.0 = Release|Any CPU
		{94F28B40-3D7E-4EA0-B976-BC5080BF8B49}.Debug|Any CPU.ActiveCfg = Debug|Any CPU
		{94F28B40-3D7E-4EA0-B976-BC5080BF8B49}.Debug|Any CPU.Build.0 = Debug|Any CPU
		{94F28B40-3D7E-4EA0-B976-BC5080BF8B49}.Release|Any CPU.ActiveCfg = Release|Any CPU
		{94F28B40-3D7E-4EA0-B976-BC5080BF8B49}.Release|Any CPU.Build.0 = Release|Any CPU
		{961E2584-BEB9-4D2D-AF76-1375D32BA521}.Debug|Any CPU.ActiveCfg = Debug|Any CPU
		{961E2584-BEB9-4D2D-AF76-1375D32BA521}.Debug|Any CPU.Build.0 = Debug|Any CPU
		{961E2584-BEB9-4D2D-AF76-1375D32BA521}.Release|Any CPU.ActiveCfg = Release|Any CPU
		{961E2584-BEB9-4D2D-AF76-1375D32BA521}.Release|Any CPU.Build.0 = Release|Any CPU
		{76657F5D-1219-405C-9E10-F8AB8AA08D26}.Debug|Any CPU.ActiveCfg = Debug|Any CPU
		{76657F5D-1219-405C-9E10-F8AB8AA08D26}.Debug|Any CPU.Build.0 = Debug|Any CPU
		{76657F5D-1219-405C-9E10-F8AB8AA08D26}.Release|Any CPU.ActiveCfg = Release|Any CPU
		{76657F5D-1219-405C-9E10-F8AB8AA08D26}.Release|Any CPU.Build.0 = Release|Any CPU
		{C1502DFE-5102-4FB7-8E10-FE823D29FD7B}.Debug|Any CPU.ActiveCfg = Debug|Any CPU
		{C1502DFE-5102-4FB7-8E10-FE823D29FD7B}.Debug|Any CPU.Build.0 = Debug|Any CPU
		{C1502DFE-5102-4FB7-8E10-FE823D29FD7B}.Release|Any CPU.ActiveCfg = Release|Any CPU
		{C1502DFE-5102-4FB7-8E10-FE823D29FD7B}.Release|Any CPU.Build.0 = Release|Any CPU
		{4E5EBCFA-EE56-4432-A020-86C5DDCD9764}.Debug|Any CPU.ActiveCfg = Debug|Any CPU
		{4E5EBCFA-EE56-4432-A020-86C5DDCD9764}.Debug|Any CPU.Build.0 = Debug|Any CPU
		{4E5EBCFA-EE56-4432-A020-86C5DDCD9764}.Release|Any CPU.ActiveCfg = Release|Any CPU
		{4E5EBCFA-EE56-4432-A020-86C5DDCD9764}.Release|Any CPU.Build.0 = Release|Any CPU
	EndGlobalSection
	GlobalSection(SolutionProperties) = preSolution
		HideSolutionNode = FALSE
	EndGlobalSection
	GlobalSection(NestedProjects) = preSolution
		{A26906B3-18FC-47C1-B094-829C71367A80} = {5CAAF384-23A6-4E2B-B154-4E6660B02310}
		{746F35AA-88BA-4856-90CA-2E4C32854CF0} = {CE1C5670-908D-4CE9-B974-971D2E10D976}
		{720ACB31-6293-41FA-A48D-7FDAEC2BCC76} = {288F3F53-E432-49B3-8FFC-EF175A6593F0}
		{32112998-8335-4826-A69C-23E088967402} = {5CAAF384-23A6-4E2B-B154-4E6660B02310}
		{A3E71AAC-EF0A-40FC-ADB8-5AB31D7F2014} = {CE1C5670-908D-4CE9-B974-971D2E10D976}
		{DD63BE03-3C00-4E27-9CD0-49B76C520457} = {CE1C5670-908D-4CE9-B974-971D2E10D976}
		{39A6D952-2B0D-4A92-8197-F2657E6C0EC0} = {288F3F53-E432-49B3-8FFC-EF175A6593F0}
		{BE8DB4D6-34C4-4038-BB61-A0AEA09AB79B} = {ED98311C-C8D3-40A9-BCA0-0C6A5E735704}
		{94F28B40-3D7E-4EA0-B976-BC5080BF8B49} = {92573F48-D97C-4510-9594-DCA6B33E39CE}
		{961E2584-BEB9-4D2D-AF76-1375D32BA521} = {92573F48-D97C-4510-9594-DCA6B33E39CE}
		{76657F5D-1219-405C-9E10-F8AB8AA08D26} = {92573F48-D97C-4510-9594-DCA6B33E39CE}
		{C1502DFE-5102-4FB7-8E10-FE823D29FD7B} = {92573F48-D97C-4510-9594-DCA6B33E39CE}
		{4E5EBCFA-EE56-4432-A020-86C5DDCD9764} = {92573F48-D97C-4510-9594-DCA6B33E39CE}
	EndGlobalSection
	GlobalSection(ExtensibilityGlobals) = postSolution
		SolutionGuid = {FCEEB331-06E0-477F-BF4B-BE8198604CDB}
	EndGlobalSection
EndGlobal
