
Microsoft Visual Studio Solution File, Format Version 12.00
# Visual Studio Version 17
VisualStudioVersion = 17.8.34316.72
MinimumVisualStudioVersion = 10.0.40219.1
Project("{9A19103F-16F7-4668-BE54-9A1E7A4F7556}") = "Testing-WPF", "Refactoring-02-Testing\Testing-WPF.csproj", "{746F35AA-88BA-4856-90CA-2E4C32854CF0}"
EndProject
Project("{9A19103F-16F7-4668-BE54-9A1E7A4F7556}") = "MysteriousName", "Refactoring-03-Exercises\MysteriousName.csproj", "{720ACB31-6293-41FA-A48D-7FDAEC2BCC76}"
EndProject
Project("{2150E333-8FDC-42A3-9474-1A3956D46DE8}") = "01-FirstExample", "01-FirstExample", "{5CAAF384-23A6-4E2B-B154-4E6660B02310}"
EndProject
Project("{9A19103F-16F7-4668-BE54-9A1E7A4F7556}") = "FirstExample-Tests", "Refactoring-01-FirstExample-Test\FirstExample-Tests.csproj", "{32112998-8335-4826-A69C-23E088967402}"
EndProject
Project("{2150E333-8FDC-42A3-9474-1A3956D46DE8}") = "02-Testing", "02-Testing", "{CE1C5670-908D-4CE9-B974-971D2E10D976}"
EndProject
Project("{9A19103F-16F7-4668-BE54-9A1E7A4F7556}") = "Testing-Library", "Refactoring-02-Testing-Library\Testing-Library.csproj", "{A3E71AAC-EF0A-40FC-ADB8-5AB31D7F2014}"
EndProject
Project("{9A19103F-16F7-4668-BE54-9A1E7A4F7556}") = "Testing-Tests", "Refactoring-02-Testing-Tests\Testing-Tests.csproj", "{DD63BE03-3C00-4E27-9CD0-49B76C520457}"
EndProject
Project("{2150E333-8FDC-42A3-9474-1A3956D46DE8}") = "03-Smells", "03-Smells", "{288F3F53-E432-49B3-8FFC-EF175A6593F0}"
EndProject
Project("{9A19103F-16F7-4668-BE54-9A1E7A4F7556}") = "LongFunction", "Refactoring-03-Exercises-LongFunction\LongFunction.csproj", "{39A6D952-2B0D-4A92-8197-F2657E6C0EC0}"
EndProject
Project("{2150E333-8FDC-42A3-9474-1A3956D46DE8}") = "04-Examples", "04-Examples", "{92573F48-D97C-4510-9594-DCA6B33E39CE}"
EndProject
Project("{9A19103F-16F7-4668-BE54-9A1E7A4F7556}") = "TikTakToe", "TikTakToe\TikTakToe.csproj", "{94F28B40-3D7E-4EA0-B976-BC5080BF8B49}"
EndProject
Project("{9A19103F-16F7-4668-BE54-9A1E7A4F7556}") = "MasterMind", "MasterMind\MasterMind.csproj", "{961E2584-BEB9-4D2D-AF76-1375D32BA521}"
EndProject
Project("{9A19103F-16F7-4668-BE54-9A1E7A4F7556}") = "Yatzy", "Yatzy\Yatzy.csproj", "{76657F5D-1219-405C-9E10-F8AB8AA08D26}"
EndProject
Project("{9A19103F-16F7-4668-BE54-9A1E7A4F7556}") = "DiscountManager", "DiscountManager\DiscountManager.csproj", "{C1502DFE-5102-4FB7-8E10-FE823D29FD7B}"
EndProject
Project("{9A19103F-16F7-4668-BE54-9A1E7A4F7556}") = "Parrot", "Parrot\Parrot.csproj", "{4E5EBCFA-EE56-4432-A020-86C5DDCD9764}"
EndProject
Project("{9A19103F-16F7-4668-BE54-9A1E7A4F7556}") = "NumberGuess", "NumberGuess\NumberGuess.csproj", "{1F479823-B3E3-4A38-A9FF-6B11FCA9FCEC}"
EndProject
Project("{FAE04EC0-301F-11D3-BF4B-00C04F79EFBC}") = "Hangman", "Hangman\Hangman.csproj", "{5A028615-07C1-4E13-90CC-37C9C2081225}"
EndProject
Project("{FAE04EC0-301F-11D3-BF4B-00C04F79EFBC}") = "MineSweeper", "MineSweeper\MineSweeper.csproj", "{9D295707-B5C0-4E64-8B05-DBDFAFC1F9D5}"
EndProject
Project("{FAE04EC0-301F-11D3-BF4B-00C04F79EFBC}") = "SchereSteinPapier", "SchereSteinPapier\SchereSteinPapier.csproj", "{326E3A83-FEED-499B-B7F9-90D381B865B0}"
EndProject
Project("{9A19103F-16F7-4668-BE54-9A1E7A4F7556}") = "FirstExample-Console", "Refactoring-01-FirstExample\FirstExample-Console.csproj", "{93C0D70F-E632-4696-BBE4-45B0806EDEC3}"
EndProject
Project("{FAE04EC0-301F-11D3-BF4B-00C04F79EFBC}") = "Snake", "Snake\Snake.csproj", "{A8F16513-423C-4FDE-904C-CBBC64E213A2}"
EndProject
Project("{FAE04EC0-301F-11D3-BF4B-00C04F79EFBC}") = "Memory", "Memory\Memory.csproj", "{4440AA71-CB2C-402D-A371-BC117877C203}"
EndProject
Global
	GlobalSection(SolutionConfigurationPlatforms) = preSolution
		Debug|Any CPU = Debug|Any CPU
		Release|Any CPU = Release|Any CPU
	EndGlobalSection
	GlobalSection(ProjectConfigurationPlatforms) = postSolution
		{746F35AA-88BA-4856-90CA-2E4C32854CF0}.Debug|Any CPU.ActiveCfg = Debug|Any CPU
		{746F35AA-88BA-4856-90CA-2E4C32854CF0}.Debug|Any CPU.Build.0 = Debug|Any CPU
		{746F35AA-88BA-4856-90CA-2E4C32854CF0}.Release|Any CPU.ActiveCfg = Release|Any CPU
		{746F35AA-88BA-4856-90CA-2E4C32854CF0}.Release|Any CPU.Build.0 = Release|Any CPU
		{720ACB31-6293-41FA-A48D-7FDAEC2BCC76}.Debug|Any CPU.ActiveCfg = Debug|Any CPU
		{720ACB31-6293-41FA-A48D-7FDAEC2BCC76}.Debug|Any CPU.Build.0 = Debug|Any CPU
		{720ACB31-6293-41FA-A48D-7FDAEC2BCC76}.Release|Any CPU.ActiveCfg = Release|Any CPU
		{720ACB31-6293-41FA-A48D-7FDAEC2BCC76}.Release|Any CPU.Build.0 = Release|Any CPU
		{32112998-8335-4826-A69C-23E088967402}.Debug|Any CPU.ActiveCfg = Debug|Any CPU
		{32112998-8335-4826-A69C-23E088967402}.Debug|Any CPU.Build.0 = Debug|Any CPU
		{32112998-8335-4826-A69C-23E088967402}.Release|Any CPU.ActiveCfg = Release|Any CPU
		{32112998-8335-4826-A69C-23E088967402}.Release|Any CPU.Build.0 = Release|Any CPU
		{A3E71AAC-EF0A-40FC-ADB8-5AB31D7F2014}.Debug|Any CPU.ActiveCfg = Debug|Any CPU
		{A3E71AAC-EF0A-40FC-ADB8-5AB31D7F2014}.Debug|Any CPU.Build.0 = Debug|Any CPU
		{A3E71AAC-EF0A-40FC-ADB8-5AB31D7F2014}.Release|Any CPU.ActiveCfg = Release|Any CPU
		{A3E71AAC-EF0A-40FC-ADB8-5AB31D7F2014}.Release|Any CPU.Build.0 = Release|Any CPU
		{DD63BE03-3C00-4E27-9CD0-49B76C520457}.Debug|Any CPU.ActiveCfg = Debug|Any CPU
		{DD63BE03-3C00-4E27-9CD0-49B76C520457}.Debug|Any CPU.Build.0 = Debug|Any CPU
		{DD63BE03-3C00-4E27-9CD0-49B76C520457}.Release|Any CPU.ActiveCfg = Release|Any CPU
		{DD63BE03-3C00-4E27-9CD0-49B76C520457}.Release|Any CPU.Build.0 = Release|Any CPU
		{39A6D952-2B0D-4A92-8197-F2657E6C0EC0}.Debug|Any CPU.ActiveCfg = Debug|Any CPU
		{39A6D952-2B0D-4A92-8197-F2657E6C0EC0}.Debug|Any CPU.Build.0 = Debug|Any CPU
		{39A6D952-2B0D-4A92-8197-F2657E6C0EC0}.Release|Any CPU.ActiveCfg = Release|Any CPU
		{39A6D952-2B0D-4A92-8197-F2657E6C0EC0}.Release|Any CPU.Build.0 = Release|Any CPU
		{94F28B40-3D7E-4EA0-B976-BC5080BF8B49}.Debug|Any CPU.ActiveCfg = Debug|Any CPU
		{94F28B40-3D7E-4EA0-B976-BC5080BF8B49}.Debug|Any CPU.Build.0 = Debug|Any CPU
		{94F28B40-3D7E-4EA0-B976-BC5080BF8B49}.Release|Any CPU.ActiveCfg = Release|Any CPU
		{94F28B40-3D7E-4EA0-B976-BC5080BF8B49}.Release|Any CPU.Build.0 = Release|Any CPU
		{961E2584-BEB9-4D2D-AF76-1375D32BA521}.Debug|Any CPU.ActiveCfg = Debug|Any CPU
		{961E2584-BEB9-4D2D-AF76-1375D32BA521}.Debug|Any CPU.Build.0 = Debug|Any CPU
		{961E2584-BEB9-4D2D-AF76-1375D32BA521}.Release|Any CPU.ActiveCfg = Release|Any CPU
		{961E2584-BEB9-4D2D-AF76-1375D32BA521}.Release|Any CPU.Build.0 = Release|Any CPU
		{76657F5D-1219-405C-9E10-F8AB8AA08D26}.Debug|Any CPU.ActiveCfg = Debug|Any CPU
		{76657F5D-1219-405C-9E10-F8AB8AA08D26}.Debug|Any CPU.Build.0 = Debug|Any CPU
		{76657F5D-1219-405C-9E10-F8AB8AA08D26}.Release|Any CPU.ActiveCfg = Release|Any CPU
		{76657F5D-1219-405C-9E10-F8AB8AA08D26}.Release|Any CPU.Build.0 = Release|Any CPU
		{C1502DFE-5102-4FB7-8E10-FE823D29FD7B}.Debug|Any CPU.ActiveCfg = Debug|Any CPU
		{C1502DFE-5102-4FB7-8E10-FE823D29FD7B}.Debug|Any CPU.Build.0 = Debug|Any CPU
		{C1502DFE-5102-4FB7-8E10-FE823D29FD7B}.Release|Any CPU.ActiveCfg = Release|Any CPU
		{C1502DFE-5102-4FB7-8E10-FE823D29FD7B}.Release|Any CPU.Build.0 = Release|Any CPU
		{4E5EBCFA-EE56-4432-A020-86C5DDCD9764}.Debug|Any CPU.ActiveCfg = Debug|Any CPU
		{4E5EBCFA-EE56-4432-A020-86C5DDCD9764}.Debug|Any CPU.Build.0 = Debug|Any CPU
		{4E5EBCFA-EE56-4432-A020-86C5DDCD9764}.Release|Any CPU.ActiveCfg = Release|Any CPU
		{4E5EBCFA-EE56-4432-A020-86C5DDCD9764}.Release|Any CPU.Build.0 = Release|Any CPU
		{1F479823-B3E3-4A38-A9FF-6B11FCA9FCEC}.Debug|Any CPU.ActiveCfg = Debug|Any CPU
		{1F479823-B3E3-4A38-A9FF-6B11FCA9FCEC}.Debug|Any CPU.Build.0 = Debug|Any CPU
		{1F479823-B3E3-4A38-A9FF-6B11FCA9FCEC}.Release|Any CPU.ActiveCfg = Release|Any CPU
		{1F479823-B3E3-4A38-A9FF-6B11FCA9FCEC}.Release|Any CPU.Build.0 = Release|Any CPU
		{5A028615-07C1-4E13-90CC-37C9C2081225}.Debug|Any CPU.ActiveCfg = Debug|Any CPU
		{5A028615-07C1-4E13-90CC-37C9C2081225}.Debug|Any CPU.Build.0 = Debug|Any CPU
		{5A028615-07C1-4E13-90CC-37C9C2081225}.Release|Any CPU.ActiveCfg = Release|Any CPU
		{5A028615-07C1-4E13-90CC-37C9C2081225}.Release|Any CPU.Build.0 = Release|Any CPU
		{9D295707-B5C0-4E64-8B05-DBDFAFC1F9D5}.Debug|Any CPU.ActiveCfg = Debug|Any CPU
		{9D295707-B5C0-4E64-8B05-DBDFAFC1F9D5}.Debug|Any CPU.Build.0 = Debug|Any CPU
		{9D295707-B5C0-4E64-8B05-DBDFAFC1F9D5}.Release|Any CPU.ActiveCfg = Release|Any CPU
		{9D295707-B5C0-4E64-8B05-DBDFAFC1F9D5}.Release|Any CPU.Build.0 = Release|Any CPU
		{326E3A83-FEED-499B-B7F9-90D381B865B0}.Debug|Any CPU.ActiveCfg = Debug|Any CPU
		{326E3A83-FEED-499B-B7F9-90D381B865B0}.Debug|Any CPU.Build.0 = Debug|Any CPU
		{326E3A83-FEED-499B-B7F9-90D381B865B0}.Release|Any CPU.ActiveCfg = Release|Any CPU
		{326E3A83-FEED-499B-B7F9-90D381B865B0}.Release|Any CPU.Build.0 = Release|Any CPU
		{93C0D70F-E632-4696-BBE4-45B0806EDEC3}.Debug|Any CPU.ActiveCfg = Debug|Any CPU
		{93C0D70F-E632-4696-BBE4-45B0806EDEC3}.Debug|Any CPU.Build.0 = Debug|Any CPU
		{93C0D70F-E632-4696-BBE4-45B0806EDEC3}.Release|Any CPU.ActiveCfg = Release|Any CPU
		{93C0D70F-E632-4696-BBE4-45B0806EDEC3}.Release|Any CPU.Build.0 = Release|Any CPU
		{A8F16513-423C-4FDE-904C-CBBC64E213A2}.Debug|Any CPU.ActiveCfg = Debug|Any CPU
		{A8F16513-423C-4FDE-904C-CBBC64E213A2}.Debug|Any CPU.Build.0 = Debug|Any CPU
		{A8F16513-423C-4FDE-904C-CBBC64E213A2}.Release|Any CPU.ActiveCfg = Release|Any CPU
		{A8F16513-423C-4FDE-904C-CBBC64E213A2}.Release|Any CPU.Build.0 = Release|Any CPU
		{4440AA71-CB2C-402D-A371-BC117877C203}.Debug|Any CPU.ActiveCfg = Debug|Any CPU
		{4440AA71-CB2C-402D-A371-BC117877C203}.Debug|Any CPU.Build.0 = Debug|Any CPU
		{4440AA71-CB2C-402D-A371-BC117877C203}.Release|Any CPU.ActiveCfg = Release|Any CPU
		{4440AA71-CB2C-402D-A371-BC117877C203}.Release|Any CPU.Build.0 = Release|Any CPU
	EndGlobalSection
	GlobalSection(SolutionProperties) = preSolution
		HideSolutionNode = FALSE
	EndGlobalSection
	GlobalSection(NestedProjects) = preSolution
		{746F35AA-88BA-4856-90CA-2E4C32854CF0} = {CE1C5670-908D-4CE9-B974-971D2E10D976}
		{720ACB31-6293-41FA-A48D-7FDAEC2BCC76} = {288F3F53-E432-49B3-8FFC-EF175A6593F0}
		{32112998-8335-4826-A69C-23E088967402} = {5CAAF384-23A6-4E2B-B154-4E6660B02310}
		{A3E71AAC-EF0A-40FC-ADB8-5AB31D7F2014} = {CE1C5670-908D-4CE9-B974-971D2E10D976}
		{DD63BE03-3C00-4E27-9CD0-49B76C520457} = {CE1C5670-908D-4CE9-B974-971D2E10D976}
		{39A6D952-2B0D-4A92-8197-F2657E6C0EC0} = {288F3F53-E432-49B3-8FFC-EF175A6593F0}
		{94F28B40-3D7E-4EA0-B976-BC5080BF8B49} = {92573F48-D97C-4510-9594-DCA6B33E39CE}
		{961E2584-BEB9-4D2D-AF76-1375D32BA521} = {92573F48-D97C-4510-9594-DCA6B33E39CE}
		{76657F5D-1219-405C-9E10-F8AB8AA08D26} = {92573F48-D97C-4510-9594-DCA6B33E39CE}
		{C1502DFE-5102-4FB7-8E10-FE823D29FD7B} = {92573F48-D97C-4510-9594-DCA6B33E39CE}
		{4E5EBCFA-EE56-4432-A020-86C5DDCD9764} = {92573F48-D97C-4510-9594-DCA6B33E39CE}
		{1F479823-B3E3-4A38-A9FF-6B11FCA9FCEC} = {92573F48-D97C-4510-9594-DCA6B33E39CE}
		{5A028615-07C1-4E13-90CC-37C9C2081225} = {92573F48-D97C-4510-9594-DCA6B33E39CE}
		{9D295707-B5C0-4E64-8B05-DBDFAFC1F9D5} = {92573F48-D97C-4510-9594-DCA6B33E39CE}
		{326E3A83-FEED-499B-B7F9-90D381B865B0} = {92573F48-D97C-4510-9594-DCA6B33E39CE}
		{93C0D70F-E632-4696-BBE4-45B0806EDEC3} = {5CAAF384-23A6-4E2B-B154-4E6660B02310}
		{A8F16513-423C-4FDE-904C-CBBC64E213A2} = {92573F48-D97C-4510-9594-DCA6B33E39CE}
		{4440AA71-CB2C-402D-A371-BC117877C203} = {92573F48-D97C-4510-9594-DCA6B33E39CE}
	EndGlobalSection
	GlobalSection(ExtensibilityGlobals) = postSolution
		SolutionGuid = {FCEEB331-06E0-477F-BF4B-BE8198604CDB}
	EndGlobalSection
EndGlobal
